
Microsoft Visual Studio Solution File, Format Version 11.00
# Visual Studio 2010
Project("{8BC9CEB8-8B4A-11D0-8D11-00A0C91BC942}") = "ZN2019", "ZN2019\ZN2019.vcxproj", "{2D0287D5-1753-4280-9D2B-D5FD26A4AA3C}"
	ProjectSection(ProjectDependencies) = postProject
		{29E2C214-DE6D-47F3-AD6D-8025544D576E} = {29E2C214-DE6D-47F3-AD6D-8025544D576E}
		{F03C90E2-4C6D-461E-8DC9-588F0B6E2D06} = {F03C90E2-4C6D-461E-8DC9-588F0B6E2D06}
	EndProjectSection
EndProject
Project("{8BC9CEB8-8B4A-11D0-8D11-00A0C91BC942}") = "libDraw", "libDrawObject\libDrawObject.vcxproj", "{F03C90E2-4C6D-461E-8DC9-588F0B6E2D06}"
EndProject
Project("{8BC9CEB8-8B4A-11D0-8D11-00A0C91BC942}") = "ZN2000View", "ZN2000View\ZN2000View.vcxproj", "{EF128821-CD95-4B39-BFB5-50E07BF1DF43}"
	ProjectSection(ProjectDependencies) = postProject
		{29E2C214-DE6D-47F3-AD6D-8025544D576E} = {29E2C214-DE6D-47F3-AD6D-8025544D576E}
		{F03C90E2-4C6D-461E-8DC9-588F0B6E2D06} = {F03C90E2-4C6D-461E-8DC9-588F0B6E2D06}
	EndProjectSection
EndProject
Project("{8BC9CEB8-8B4A-11D0-8D11-00A0C91BC942}") = "libzn", "libzn\libzn.vcxproj", "{29E2C214-DE6D-47F3-AD6D-8025544D576E}"
EndProject
Project("{8BC9CEB8-8B4A-11D0-8D11-00A0C91BC942}") = "Test", "Test\Test.vcxproj", "{32387E50-8D8D-4510-9D82-78117608A258}"
EndProject
Project("{8BC9CEB8-8B4A-11D0-8D11-00A0C91BC942}") = "libEdf", "libEdf\libEdf.vcxproj", "{B8F9B511-73E8-43D1-B0D4-C2E5955E69EF}"
EndProject
Project("{8BC9CEB8-8B4A-11D0-8D11-00A0C91BC942}") = "EdfTest", "EdfTest\EdfTest.vcxproj", "{A01E3EF4-3014-4E0F-9D6B-F08B66EEB080}"
	ProjectSection(ProjectDependencies) = postProject
		{B8F9B511-73E8-43D1-B0D4-C2E5955E69EF} = {B8F9B511-73E8-43D1-B0D4-C2E5955E69EF}
	EndProjectSection
EndProject
Project("{8BC9CEB8-8B4A-11D0-8D11-00A0C91BC942}") = "EDFGenerator", "EDFGenerator\EDFGenerator.vcxproj", "{14B3BF8E-DFAF-4006-B27A-2755DA28AB14}"
	ProjectSection(ProjectDependencies) = postProject
		{B8F9B511-73E8-43D1-B0D4-C2E5955E69EF} = {B8F9B511-73E8-43D1-B0D4-C2E5955E69EF}
	EndProjectSection
EndProject
Project("{8BC9CEB8-8B4A-11D0-8D11-00A0C91BC942}") = "SerialTest", "SerialTest\SerialTest.vcxproj", "{0914F557-A940-42E7-B248-C5B64835DA4E}"
	ProjectSection(ProjectDependencies) = postProject
		{29E2C214-DE6D-47F3-AD6D-8025544D576E} = {29E2C214-DE6D-47F3-AD6D-8025544D576E}
	EndProjectSection
EndProject
Project("{8BC9CEB8-8B4A-11D0-8D11-00A0C91BC942}") = "TestView", "TestView\TestView.vcxproj", "{667445DB-05B7-46E6-9367-4B1CC2E7867F}"
	ProjectSection(ProjectDependencies) = postProject
		{29E2C214-DE6D-47F3-AD6D-8025544D576E} = {29E2C214-DE6D-47F3-AD6D-8025544D576E}
	EndProjectSection
EndProject
Project("{8BC9CEB8-8B4A-11D0-8D11-00A0C91BC942}") = "SamplerTest", "SamplerTest\SamplerTest.vcxproj", "{53441504-7F80-4109-9DCB-05B336A949C0}"
	ProjectSection(ProjectDependencies) = postProject
		{29E2C214-DE6D-47F3-AD6D-8025544D576E} = {29E2C214-DE6D-47F3-AD6D-8025544D576E}
	EndProjectSection
EndProject
Global
	GlobalSection(SolutionConfigurationPlatforms) = preSolution
		Debug|Win32 = Debug|Win32
		Debug|x64 = Debug|x64
		Release|Win32 = Release|Win32
		Release|x64 = Release|x64
		Template|Win32 = Template|Win32
		Template|x64 = Template|x64
	EndGlobalSection
	GlobalSection(ProjectConfigurationPlatforms) = postSolution
		{2D0287D5-1753-4280-9D2B-D5FD26A4AA3C}.Debug|Win32.ActiveCfg = Debug|Win32
		{2D0287D5-1753-4280-9D2B-D5FD26A4AA3C}.Debug|Win32.Build.0 = Debug|Win32
		{2D0287D5-1753-4280-9D2B-D5FD26A4AA3C}.Debug|x64.ActiveCfg = Debug|Win32
		{2D0287D5-1753-4280-9D2B-D5FD26A4AA3C}.Release|Win32.ActiveCfg = Release|Win32
		{2D0287D5-1753-4280-9D2B-D5FD26A4AA3C}.Release|Win32.Build.0 = Release|Win32
		{2D0287D5-1753-4280-9D2B-D5FD26A4AA3C}.Release|x64.ActiveCfg = Release|Win32
		{2D0287D5-1753-4280-9D2B-D5FD26A4AA3C}.Template|Win32.ActiveCfg = Template|Win32
		{2D0287D5-1753-4280-9D2B-D5FD26A4AA3C}.Template|Win32.Build.0 = Template|Win32
		{2D0287D5-1753-4280-9D2B-D5FD26A4AA3C}.Template|x64.ActiveCfg = Template|Win32
		{F03C90E2-4C6D-461E-8DC9-588F0B6E2D06}.Debug|Win32.ActiveCfg = Debug|Win32
		{F03C90E2-4C6D-461E-8DC9-588F0B6E2D06}.Debug|Win32.Build.0 = Debug|Win32
		{F03C90E2-4C6D-461E-8DC9-588F0B6E2D06}.Debug|x64.ActiveCfg = Debug|x64
		{F03C90E2-4C6D-461E-8DC9-588F0B6E2D06}.Debug|x64.Build.0 = Debug|x64
		{F03C90E2-4C6D-461E-8DC9-588F0B6E2D06}.Release|Win32.ActiveCfg = Release|Win32
		{F03C90E2-4C6D-461E-8DC9-588F0B6E2D06}.Release|Win32.Build.0 = Release|Win32
		{F03C90E2-4C6D-461E-8DC9-588F0B6E2D06}.Release|x64.ActiveCfg = Release|x64
		{F03C90E2-4C6D-461E-8DC9-588F0B6E2D06}.Release|x64.Build.0 = Release|x64
		{F03C90E2-4C6D-461E-8DC9-588F0B6E2D06}.Template|Win32.ActiveCfg = Template|Win32
		{F03C90E2-4C6D-461E-8DC9-588F0B6E2D06}.Template|Win32.Build.0 = Template|Win32
		{F03C90E2-4C6D-461E-8DC9-588F0B6E2D06}.Template|x64.ActiveCfg = Template|x64
		{F03C90E2-4C6D-461E-8DC9-588F0B6E2D06}.Template|x64.Build.0 = Template|x64
		{EF128821-CD95-4B39-BFB5-50E07BF1DF43}.Debug|Win32.ActiveCfg = Debug|Win32
		{EF128821-CD95-4B39-BFB5-50E07BF1DF43}.Debug|Win32.Build.0 = Debug|Win32
		{EF128821-CD95-4B39-BFB5-50E07BF1DF43}.Debug|x64.ActiveCfg = Debug|Win32
		{EF128821-CD95-4B39-BFB5-50E07BF1DF43}.Release|Win32.ActiveCfg = Release|Win32
		{EF128821-CD95-4B39-BFB5-50E07BF1DF43}.Release|Win32.Build.0 = Release|Win32
		{EF128821-CD95-4B39-BFB5-50E07BF1DF43}.Release|x64.ActiveCfg = Release|Win32
		{EF128821-CD95-4B39-BFB5-50E07BF1DF43}.Template|Win32.ActiveCfg = Release|Win32
		{EF128821-CD95-4B39-BFB5-50E07BF1DF43}.Template|Win32.Build.0 = Release|Win32
		{EF128821-CD95-4B39-BFB5-50E07BF1DF43}.Template|x64.ActiveCfg = Release|Win32
		{29E2C214-DE6D-47F3-AD6D-8025544D576E}.Debug|Win32.ActiveCfg = Debug|Win32
		{29E2C214-DE6D-47F3-AD6D-8025544D576E}.Debug|Win32.Build.0 = Debug|Win32
		{29E2C214-DE6D-47F3-AD6D-8025544D576E}.Debug|x64.ActiveCfg = Debug|Win32
		{29E2C214-DE6D-47F3-AD6D-8025544D576E}.Release|Win32.ActiveCfg = Release|Win32
		{29E2C214-DE6D-47F3-AD6D-8025544D576E}.Release|Win32.Build.0 = Release|Win32
		{29E2C214-DE6D-47F3-AD6D-8025544D576E}.Release|x64.ActiveCfg = Release|Win32
		{29E2C214-DE6D-47F3-AD6D-8025544D576E}.Template|Win32.ActiveCfg = Release|Win32
		{29E2C214-DE6D-47F3-AD6D-8025544D576E}.Template|Win32.Build.0 = Release|Win32
		{29E2C214-DE6D-47F3-AD6D-8025544D576E}.Template|x64.ActiveCfg = Release|Win32
		{32387E50-8D8D-4510-9D82-78117608A258}.Debug|Win32.ActiveCfg = Debug|Win32
		{32387E50-8D8D-4510-9D82-78117608A258}.Debug|Win32.Build.0 = Debug|Win32
		{32387E50-8D8D-4510-9D82-78117608A258}.Debug|x64.ActiveCfg = Debug|Win32
		{32387E50-8D8D-4510-9D82-78117608A258}.Release|Win32.ActiveCfg = Release|Win32
		{32387E50-8D8D-4510-9D82-78117608A258}.Release|Win32.Build.0 = Release|Win32
		{32387E50-8D8D-4510-9D82-78117608A258}.Release|x64.ActiveCfg = Release|Win32
		{32387E50-8D8D-4510-9D82-78117608A258}.Template|Win32.ActiveCfg = Release|Win32
		{32387E50-8D8D-4510-9D82-78117608A258}.Template|Win32.Build.0 = Release|Win32
		{32387E50-8D8D-4510-9D82-78117608A258}.Template|x64.ActiveCfg = Release|Win32
		{B8F9B511-73E8-43D1-B0D4-C2E5955E69EF}.Debug|Win32.ActiveCfg = Debug|Win32
		{B8F9B511-73E8-43D1-B0D4-C2E5955E69EF}.Debug|Win32.Build.0 = Debug|Win32
		{B8F9B511-73E8-43D1-B0D4-C2E5955E69EF}.Debug|x64.ActiveCfg = Debug|Win32
		{B8F9B511-73E8-43D1-B0D4-C2E5955E69EF}.Release|Win32.ActiveCfg = Release|Win32
		{B8F9B511-73E8-43D1-B0D4-C2E5955E69EF}.Release|Win32.Build.0 = Release|Win32
		{B8F9B511-73E8-43D1-B0D4-C2E5955E69EF}.Release|x64.ActiveCfg = Release|Win32
		{B8F9B511-73E8-43D1-B0D4-C2E5955E69EF}.Template|Win32.ActiveCfg = Release|Win32
		{B8F9B511-73E8-43D1-B0D4-C2E5955E69EF}.Template|Win32.Build.0 = Release|Win32
		{B8F9B511-73E8-43D1-B0D4-C2E5955E69EF}.Template|x64.ActiveCfg = Release|Win32
		{A01E3EF4-3014-4E0F-9D6B-F08B66EEB080}.Debug|Win32.ActiveCfg = Debug|Win32
		{A01E3EF4-3014-4E0F-9D6B-F08B66EEB080}.Debug|Win32.Build.0 = Debug|Win32
		{A01E3EF4-3014-4E0F-9D6B-F08B66EEB080}.Debug|x64.ActiveCfg = Debug|Win32
		{A01E3EF4-3014-4E0F-9D6B-F08B66EEB080}.Release|Win32.ActiveCfg = Release|Win32
		{A01E3EF4-3014-4E0F-9D6B-F08B66EEB080}.Release|Win32.Build.0 = Release|Win32
		{A01E3EF4-3014-4E0F-9D6B-F08B66EEB080}.Release|x64.ActiveCfg = Release|Win32
		{A01E3EF4-3014-4E0F-9D6B-F08B66EEB080}.Template|Win32.ActiveCfg = Release|Win32
		{A01E3EF4-3014-4E0F-9D6B-F08B66EEB080}.Template|Win32.Build.0 = Release|Win32
		{A01E3EF4-3014-4E0F-9D6B-F08B66EEB080}.Template|x64.ActiveCfg = Release|Win32
		{14B3BF8E-DFAF-4006-B27A-2755DA28AB14}.Debug|Win32.ActiveCfg = Debug|Win32
		{14B3BF8E-DFAF-4006-B27A-2755DA28AB14}.Debug|Win32.Build.0 = Debug|Win32
		{14B3BF8E-DFAF-4006-B27A-2755DA28AB14}.Debug|x64.ActiveCfg = Debug|Win32
		{14B3BF8E-DFAF-4006-B27A-2755DA28AB14}.Release|Win32.ActiveCfg = Release|Win32
		{14B3BF8E-DFAF-4006-B27A-2755DA28AB14}.Release|Win32.Build.0 = Release|Win32
		{14B3BF8E-DFAF-4006-B27A-2755DA28AB14}.Release|x64.ActiveCfg = Release|Win32
		{14B3BF8E-DFAF-4006-B27A-2755DA28AB14}.Template|Win32.ActiveCfg = Release|Win32
		{14B3BF8E-DFAF-4006-B27A-2755DA28AB14}.Template|Win32.Build.0 = Release|Win32
		{14B3BF8E-DFAF-4006-B27A-2755DA28AB14}.Template|x64.ActiveCfg = Release|Win32
		{0914F557-A940-42E7-B248-C5B64835DA4E}.Debug|Win32.ActiveCfg = Debug|Win32
		{0914F557-A940-42E7-B248-C5B64835DA4E}.Debug|Win32.Build.0 = Debug|Win32
		{0914F557-A940-42E7-B248-C5B64835DA4E}.Debug|x64.ActiveCfg = Debug|Win32
		{0914F557-A940-42E7-B248-C5B64835DA4E}.Release|Win32.ActiveCfg = Release|Win32
		{0914F557-A940-42E7-B248-C5B64835DA4E}.Release|Win32.Build.0 = Release|Win32
		{0914F557-A940-42E7-B248-C5B64835DA4E}.Release|x64.ActiveCfg = Release|Win32
		{0914F557-A940-42E7-B248-C5B64835DA4E}.Template|Win32.ActiveCfg = Release|Win32
		{0914F557-A940-42E7-B248-C5B64835DA4E}.Template|Win32.Build.0 = Release|Win32
		{0914F557-A940-42E7-B248-C5B64835DA4E}.Template|x64.ActiveCfg = Release|Win32
		{667445DB-05B7-46E6-9367-4B1CC2E7867F}.Debug|Win32.ActiveCfg = Debug|Win32
		{667445DB-05B7-46E6-9367-4B1CC2E7867F}.Debug|Win32.Build.0 = Debug|Win32
		{667445DB-05B7-46E6-9367-4B1CC2E7867F}.Debug|x64.ActiveCfg = Debug|Win32
		{667445DB-05B7-46E6-9367-4B1CC2E7867F}.Release|Win32.ActiveCfg = Release|Win32
		{667445DB-05B7-46E6-9367-4B1CC2E7867F}.Release|Win32.Build.0 = Release|Win32
		{667445DB-05B7-46E6-9367-4B1CC2E7867F}.Release|x64.ActiveCfg = Release|Win32
		{667445DB-05B7-46E6-9367-4B1CC2E7867F}.Template|Win32.ActiveCfg = Release|Win32
		{667445DB-05B7-46E6-9367-4B1CC2E7867F}.Template|Win32.Build.0 = Release|Win32
		{667445DB-05B7-46E6-9367-4B1CC2E7867F}.Template|x64.ActiveCfg = Release|Win32
		{53441504-7F80-4109-9DCB-05B336A949C0}.Debug|Win32.ActiveCfg = Debug|Win32
		{53441504-7F80-4109-9DCB-05B336A949C0}.Debug|Win32.Build.0 = Debug|Win32
		{53441504-7F80-4109-9DCB-05B336A949C0}.Debug|x64.ActiveCfg = Debug|Win32
		{53441504-7F80-4109-9DCB-05B336A949C0}.Release|Win32.ActiveCfg = Release|Win32
		{53441504-7F80-4109-9DCB-05B336A949C0}.Release|Win32.Build.0 = Release|Win32
		{53441504-7F80-4109-9DCB-05B336A949C0}.Release|x64.ActiveCfg = Release|Win32
		{53441504-7F80-4109-9DCB-05B336A949C0}.Template|Win32.ActiveCfg = Release|Win32
		{53441504-7F80-4109-9DCB-05B336A949C0}.Template|Win32.Build.0 = Release|Win32
		{53441504-7F80-4109-9DCB-05B336A949C0}.Template|x64.ActiveCfg = Release|Win32
	EndGlobalSection
	GlobalSection(SolutionProperties) = preSolution
		HideSolutionNode = FALSE
	EndGlobalSection
EndGlobal
