<?xml version="1.0" encoding="utf-8"?>
<Project ToolsVersion="4.0" xmlns="http://schemas.microsoft.com/developer/msbuild/2003">
  <ItemGroup>
    <Filter Include="源文件">
      <UniqueIdentifier>{4FC737F1-C7A5-4376-A066-2A32D752A2FF}</UniqueIdentifier>
      <Extensions>cpp;c;cc;cxx;def;odl;idl;hpj;bat;asm;asmx</Extensions>
    </Filter>
    <Filter Include="头文件">
      <UniqueIdentifier>{93995380-89BD-4b04-88EB-625FBE52EBFB}</UniqueIdentifier>
      <Extensions>h;hpp;hxx;hm;inl;inc;xsd</Extensions>
    </Filter>
    <Filter Include="资源文件">
      <UniqueIdentifier>{67DA6AB6-F800-4c08-8B7A-83BB121AAD01}</UniqueIdentifier>
      <Extensions>rc;ico;cur;bmp;dlg;rc2;rct;bin;rgs;gif;jpg;jpeg;jpe;resx;tiff;tif;png;wav;mfcribbon-ms</Extensions>
    </Filter>
    <Filter Include="源文件\wfdb">
      <UniqueIdentifier>{b3cb8cf8-9460-4507-879b-746f872c45e0}</UniqueIdentifier>
    </Filter>
  </ItemGroup>
  <ItemGroup>
    <None Include="ReadMe.txt" />
  </ItemGroup>
  <ItemGroup>
    <ClInclude Include="stdafx.h">
      <Filter>头文件</Filter>
    </ClInclude>
    <ClInclude Include="targetver.h">
      <Filter>头文件</Filter>
    </ClInclude>
    <ClInclude Include="libwfdb\ecgcodes.h">
      <Filter>头文件</Filter>
    </ClInclude>
    <ClInclude Include="libwfdb\ecgmap.h">
      <Filter>头文件</Filter>
    </ClInclude>
    <ClInclude Include="libwfdb\wfdb.h">
      <Filter>头文件</Filter>
    </ClInclude>
    <ClInclude Include="libwfdb\wfdblib.h">
      <Filter>头文件</Filter>
    </ClInclude>
    <ClInclude Include="MitdbBinaryReader.h">
      <Filter>头文件</Filter>
    </ClInclude>
    <ClInclude Include="MitdbTextReader.h">
      <Filter>头文件</Filter>
    </ClInclude>
    <ClInclude Include="mitdb.h">
      <Filter>头文件</Filter>
    </ClInclude>
    <ClInclude Include="..\include\uc\libmitdb.h">
      <Filter>头文件</Filter>
    </ClInclude>
  </ItemGroup>
  <ItemGroup>
    <ClCompile Include="stdafx.cpp">
      <Filter>源文件</Filter>
    </ClCompile>
    <ClCompile Include="dllmain.cpp">
      <Filter>源文件</Filter>
    </ClCompile>
    <ClCompile Include="libwfdb\annot.c">
      <Filter>源文件\wfdb</Filter>
    </ClCompile>
    <ClCompile Include="libwfdb\calib.c">
      <Filter>源文件\wfdb</Filter>
    </ClCompile>
    <ClCompile Include="libwfdb\signal.c">
      <Filter>源文件\wfdb</Filter>
    </ClCompile>
    <ClCompile Include="libwfdb\wfdbinit.c">
      <Filter>源文件\wfdb</Filter>
    </ClCompile>
    <ClCompile Include="libwfdb\wfdbio.c">
      <Filter>源文件\wfdb</Filter>
    </ClCompile>
    <ClCompile Include="MitdbBinaryReader.cpp">
      <Filter>源文件</Filter>
    </ClCompile>
    <ClCompile Include="MitdbTextReader.cpp">
      <Filter>源文件</Filter>
    </ClCompile>
    <ClCompile Include="mitdb.cpp">
      <Filter>源文件</Filter>
    </ClCompile>
  </ItemGroup>
</Project>