<?xml version="1.0" encoding="utf-8"?>
<Project ToolsVersion="4.0" xmlns="http://schemas.microsoft.com/developer/msbuild/2003">
  <ItemGroup>
    <ClCompile Include="InfoPane.cpp">
      <Filter>源文件</Filter>
    </ClCompile>
    <ClCompile Include="PersonInfoInpputDlg.cpp">
      <Filter>源文件</Filter>
    </ClCompile>
    <ClCompile Include="stdafx.cpp">
      <Filter>源文件</Filter>
    </ClCompile>
    <ClCompile Include="zn2000.cpp">
      <Filter>源文件</Filter>
    </ClCompile>
    <ClCompile Include="ZN2000Dlg.cpp">
      <Filter>源文件</Filter>
    </ClCompile>
  </ItemGroup>
  <ItemGroup>
    <ClInclude Include="InfoPane.h">
      <Filter>头文件</Filter>
    </ClInclude>
    <ClInclude Include="PersonInfoInpputDlg.h">
      <Filter>头文件</Filter>
    </ClInclude>
    <ClInclude Include="Resource.h">
      <Filter>头文件</Filter>
    </ClInclude>
    <ClInclude Include="SampleThread.h">
      <Filter>头文件</Filter>
    </ClInclude>
    <ClInclude Include="stdafx.h">
      <Filter>头文件</Filter>
    </ClInclude>
    <ClInclude Include="targetver.h">
      <Filter>头文件</Filter>
    </ClInclude>
    <ClInclude Include="zn2000.h">
      <Filter>头文件</Filter>
    </ClInclude>
    <ClInclude Include="ZN2000Dlg.h">
      <Filter>头文件</Filter>
    </ClInclude>
  </ItemGroup>
  <ItemGroup>
    <None Include="ReadMe.txt" />
    <None Include="ZN3000.ini" />
    <None Include="res\zn2000.ico">
      <Filter>资源文件</Filter>
    </None>
    <None Include="res\zn2000.rc2">
      <Filter>资源文件</Filter>
    </None>
    <None Include="doc\ZN3000数据格式.docx">
      <Filter>文档</Filter>
    </None>
    <None Include="doc\ZN3000血流图仪通上下位机讯协议.docx">
      <Filter>文档</Filter>
    </None>
  </ItemGroup>
  <ItemGroup>
    <Filter Include="头文件">
      <UniqueIdentifier>{bd743c16-7a8a-47b5-a0f4-39e26a30f799}</UniqueIdentifier>
      <Extensions>h;hpp;hxx;hm;inl;inc;xsd</Extensions>
    </Filter>
    <Filter Include="源文件">
      <UniqueIdentifier>{1fe66358-873c-42e5-a12d-726c9c49fe71}</UniqueIdentifier>
      <Extensions>cpp;c;cc;cxx;def;odl;idl;hpj;bat;asm;asmx</Extensions>
    </Filter>
    <Filter Include="资源文件">
      <UniqueIdentifier>{f409b13a-62a1-4df9-bb14-c3808415fb38}</UniqueIdentifier>
      <Extensions>rc;ico;cur;bmp;dlg;rc2;rct;bin;rgs;gif;jpg;jpeg;jpe;resx;tiff;tif;png;wav;mfcribbon-ms</Extensions>
    </Filter>
    <Filter Include="文档">
      <UniqueIdentifier>{5361b853-eaec-4540-9d4e-31a58630393d}</UniqueIdentifier>
    </Filter>
  </ItemGroup>
  <ItemGroup>
    <ResourceCompile Include="zn2000.rc">
      <Filter>资源文件</Filter>
    </ResourceCompile>
  </ItemGroup>
</Project>