<?xml version="1.0" encoding="utf-8"?>
<Project ToolsVersion="4.0" xmlns="http://schemas.microsoft.com/developer/msbuild/2003">
  <ItemGroup>
    <Filter Include="Source Files">
      <UniqueIdentifier>{4FC737F1-C7A5-4376-A066-2A32D752A2FF}</UniqueIdentifier>
      <Extensions>cpp;c;cxx;def;odl;idl;hpj;bat;asm;asmx</Extensions>
    </Filter>
    <Filter Include="Header Files">
      <UniqueIdentifier>{93995380-89BD-4b04-88EB-625FBE52EBFB}</UniqueIdentifier>
      <Extensions>h;hpp;hxx;hm;inl;inc;xsd</Extensions>
    </Filter>
    <Filter Include="Resource Files">
      <UniqueIdentifier>{67DA6AB6-F800-4c08-8B7A-83BB121AAD01}</UniqueIdentifier>
      <Extensions>rc;ico;cur;bmp;dlg;rc2;rct;bin;rgs;gif;jpg;jpeg;jpe;resx</Extensions>
    </Filter>
    <Filter Include="Lib">
      <UniqueIdentifier>{9ce976ed-20f7-4c06-9841-1531e4682d21}</UniqueIdentifier>
    </Filter>
  </ItemGroup>
  <ItemGroup>
    <ClCompile Include="ecg.cpp">
      <Filter>Source Files</Filter>
    </ClCompile>
    <ClCompile Include="stdafx.cpp">
      <Filter>Source Files</Filter>
    </ClCompile>
    <ClCompile Include="Lib\cwt.cpp">
      <Filter>Lib</Filter>
    </ClCompile>
    <ClCompile Include="Lib\ecgannotation.cpp">
      <Filter>Lib</Filter>
    </ClCompile>
    <ClCompile Include="Lib\ecgdenoise.cpp">
      <Filter>Lib</Filter>
    </ClCompile>
    <ClCompile Include="Lib\fwt.cpp">
      <Filter>Lib</Filter>
    </ClCompile>
    <ClCompile Include="Lib\signal.cpp">
      <Filter>Lib</Filter>
    </ClCompile>
  </ItemGroup>
  <ItemGroup>
    <ClInclude Include="stdafx.h">
      <Filter>Header Files</Filter>
    </ClInclude>
    <ClInclude Include="Lib\cwt.h">
      <Filter>Lib</Filter>
    </ClInclude>
    <ClInclude Include="Lib\ecgannotation.h">
      <Filter>Lib</Filter>
    </ClInclude>
    <ClInclude Include="Lib\ecgdenoise.h">
      <Filter>Lib</Filter>
    </ClInclude>
    <ClInclude Include="Lib\fwt.h">
      <Filter>Lib</Filter>
    </ClInclude>
    <ClInclude Include="Lib\lib.h">
      <Filter>Lib</Filter>
    </ClInclude>
    <ClInclude Include="Lib\signal.h">
      <Filter>Lib</Filter>
    </ClInclude>
  </ItemGroup>
  <ItemGroup>
    <None Include="ReadMe.txt" />
    <None Include="howtorun" />
  </ItemGroup>
</Project>